{
  "name": "01_strategy_multiformat",
  "version": "1.0.0",
  "lockfileVersion": 2,
  "requires": true,
  "packages": {
    "": {
      "name": "01_strategy_multiformat",
      "version": "1.0.0",
      "license": "ISC",
      "dependencies": {
        "ini": "^1.3.5",
        "object-path": "^0.11.4"
      }
    },
    "node_modules/ini": {
      "version": "1.3.8",
      "resolved": "https://registry.npmjs.org/ini/-/ini-1.3.8.tgz",
      "integrity": "sha512-JV/yugV2uzW5iMRSiZAyDtQd+nxtUnjeLt0acNdw98kKLrvuRVyB80tsREOE7yvGVgalhZ6RNXCmEHkUKBKxew=="
    },
    "node_modules/object-path": {
      "version": "0.11.8",
      "resolved": "https://registry.npmjs.org/object-path/-/object-path-0.11.8.tgz",
      "integrity": "sha512-YJjNZrlXJFM42wTBn6zgOJVar9KFJvzx6sTWDte8sWZF//cnjl0BxHNpfZx+ZffXX63A9q0b1zsFiBX4g4X5KA==",
      "engines": {
        "node": ">= 10.12.0"
      }
    }
  },
  "dependencies": {
    "ini": {
      "version": "1.3.8",
      "resolved": "https://registry.npmjs.org/ini/-/ini-1.3.8.tgz",
      "integrity": "sha512-JV/yugV2uzW5iMRSiZAyDtQd+nxtUnjeLt0acNdw98kKLrvuRVyB80tsREOE7yvGVgalhZ6RNXCmEHkUKBKxew=="
    },
    "object-path": {
      "version": "0.11.8",
      "resolved": "https://registry.npmjs.org/object-path/-/object-path-0.11.8.tgz",
      "integrity": "sha512-YJjNZrlXJFM42wTBn6zgOJVar9KFJvzx6sTWDte8sWZF//cnjl0BxHNpfZx+ZffXX63A9q0b1zsFiBX4g4X5KA=="
    }
  }
}
